version = 1
revision = 2
requires-python = "==3.13.*"

[[package]]
name = "aiohappyeyeballs"
version = "2.4.4"
source = { registry = "https://pypi.org/simple" }
sdist = { url = "https://files.pythonhosted.org/packages/7f/55/e4373e888fdacb15563ef6fa9fa8c8252476ea071e96fb46defac9f18bf2/aiohappyeyeballs-2.4.4.tar.gz", hash = "sha256:5fdd7d87889c63183afc18ce9271f9b0a7d32c2303e394468dd45d514a757745", size = 21977, upload-time = "2024-11-30T18:44:00.701Z" }
wheels = [
    { url = "https://files.pythonhosted.org/packages/b9/74/fbb6559de3607b3300b9be3cc64e97548d55678e44623db17820dbd20002/aiohappyeyeballs-2.4.4-py3-none-any.whl", hash = "sha256:a980909d50efcd44795c4afeca523296716d50cd756ddca6af8c65b996e27de8", size = 14756, upload-time = "2024-11-30T18:43:39.849Z" },
]

[[package]]
name = "aiohttp"
version = "3.11.11"
source = { registry = "https://pypi.org/simple" }
dependencies = [
    { name = "aiohappyeyeballs" },
    { name = "aiosignal" },
    { name = "attrs" },
    { name = "frozenlist" },
    { name = "multidict" },
    { name = "propcache" },
    { name = "yarl" },
]
sdist = { url = "https://files.pythonhosted.org/packages/fe/ed/f26db39d29cd3cb2f5a3374304c713fe5ab5a0e4c8ee25a0c45cc6adf844/aiohttp-3.11.11.tar.gz", hash = "sha256:bb49c7f1e6ebf3821a42d81d494f538107610c3a705987f53068546b0e90303e", size = 7669618, upload-time = "2024-12-18T21:20:50.191Z" }
wheels = [
    { url = "https://files.pythonhosted.org/packages/49/d1/d8af164f400bad432b63e1ac857d74a09311a8334b0481f2f64b158b50eb/aiohttp-3.11.11-cp313-cp313-macosx_10_13_universal2.whl", hash = "sha256:541d823548ab69d13d23730a06f97460f4238ad2e5ed966aaf850d7c369782d9", size = 697982, upload-time = "2024-12-18T21:19:28.454Z" },
    { url = "https://files.pythonhosted.org/packages/92/d1/faad3bf9fa4bfd26b95c69fc2e98937d52b1ff44f7e28131855a98d23a17/aiohttp-3.11.11-cp313-cp313-macosx_10_13_x86_64.whl", hash = "sha256:929f3ed33743a49ab127c58c3e0a827de0664bfcda566108989a14068f820194", size = 460662, upload-time = "2024-12-18T21:19:31.077Z" },
    { url = "https://files.pythonhosted.org/packages/db/61/0d71cc66d63909dabc4590f74eba71f91873a77ea52424401c2498d47536/aiohttp-3.11.11-cp313-cp313-macosx_11_0_arm64.whl", hash = "sha256:0882c2820fd0132240edbb4a51eb8ceb6eef8181db9ad5291ab3332e0d71df5f", size = 452950, upload-time = "2024-12-18T21:19:33.108Z" },
    { url = "https://files.pythonhosted.org/packages/07/db/6d04bc7fd92784900704e16b745484ef45b77bd04e25f58f6febaadf7983/aiohttp-3.11.11-cp313-cp313-manylinux_2_17_aarch64.manylinux2014_aarch64.whl", hash = "sha256:b63de12e44935d5aca7ed7ed98a255a11e5cb47f83a9fded7a5e41c40277d104", size = 1665178, upload-time = "2024-12-18T21:19:36.556Z" },
    { url = "https://files.pythonhosted.org/packages/54/5c/e95ade9ae29f375411884d9fd98e50535bf9fe316c9feb0f30cd2ac8f508/aiohttp-3.11.11-cp313-cp313-manylinux_2_17_ppc64le.manylinux2014_ppc64le.whl", hash = "sha256:aa54f8ef31d23c506910c21163f22b124facb573bff73930735cf9fe38bf7dff", size = 1717939, upload-time = "2024-12-18T21:19:40.081Z" },
    { url = "https://files.pythonhosted.org/packages/6f/1c/1e7d5c5daea9e409ed70f7986001b8c9e3a49a50b28404498d30860edab6/aiohttp-3.11.11-cp313-cp313-manylinux_2_17_s390x.manylinux2014_s390x.whl", hash = "sha256:a344d5dc18074e3872777b62f5f7d584ae4344cd6006c17ba12103759d407af3", size = 1775125, upload-time = "2024-12-18T21:19:43.578Z" },
    { url = "https://files.pythonhosted.org/packages/5d/66/890987e44f7d2f33a130e37e01a164168e6aff06fce15217b6eaf14df4f6/aiohttp-3.11.11-cp313-cp313-manylinux_2_17_x86_64.manylinux2014_x86_64.whl", hash = "sha256:0b7fb429ab1aafa1f48578eb315ca45bd46e9c37de11fe45c7f5f4138091e2f1", size = 1677176, upload-time = "2024-12-18T21:19:46.239Z" },
    { url = "https://files.pythonhosted.org/packages/8f/dc/e2ba57d7a52df6cdf1072fd5fa9c6301a68e1cd67415f189805d3eeb031d/aiohttp-3.11.11-cp313-cp313-manylinux_2_5_i686.manylinux1_i686.manylinux_2_17_i686.manylinux2014_i686.whl", hash = "sha256:c341c7d868750e31961d6d8e60ff040fb9d3d3a46d77fd85e1ab8e76c3e9a5c4", size = 1603192, upload-time = "2024-12-18T21:19:48.341Z" },
    { url = "https://files.pythonhosted.org/packages/6c/9e/8d08a57de79ca3a358da449405555e668f2c8871a7777ecd2f0e3912c272/aiohttp-3.11.11-cp313-cp313-musllinux_1_2_aarch64.whl", hash = "sha256:ed9ee95614a71e87f1a70bc81603f6c6760128b140bc4030abe6abaa988f1c3d", size = 1618296, upload-time = "2024-12-18T21:19:50.479Z" },
    { url = "https://files.pythonhosted.org/packages/56/51/89822e3ec72db352c32e7fc1c690370e24e231837d9abd056490f3a49886/aiohttp-3.11.11-cp313-cp313-musllinux_1_2_i686.whl", hash = "sha256:de8d38f1c2810fa2a4f1d995a2e9c70bb8737b18da04ac2afbf3971f65781d87", size = 1616524, upload-time = "2024-12-18T21:19:52.542Z" },
    { url = "https://files.pythonhosted.org/packages/2c/fa/e2e6d9398f462ffaa095e84717c1732916a57f1814502929ed67dd7568ef/aiohttp-3.11.11-cp313-cp313-musllinux_1_2_ppc64le.whl", hash = "sha256:a9b7371665d4f00deb8f32208c7c5e652059b0fda41cf6dbcac6114a041f1cc2", size = 1685471, upload-time = "2024-12-18T21:19:54.683Z" },
    { url = "https://files.pythonhosted.org/packages/ae/5f/6bb976e619ca28a052e2c0ca7b0251ccd893f93d7c24a96abea38e332bf6/aiohttp-3.11.11-cp313-cp313-musllinux_1_2_s390x.whl", hash = "sha256:620598717fce1b3bd14dd09947ea53e1ad510317c85dda2c9c65b622edc96b12", size = 1715312, upload-time = "2024-12-18T21:19:56.824Z" },
    { url = "https://files.pythonhosted.org/packages/79/c1/756a7e65aa087c7fac724d6c4c038f2faaa2a42fe56dbc1dd62a33ca7213/aiohttp-3.11.11-cp313-cp313-musllinux_1_2_x86_64.whl", hash = "sha256:bf8d9bfee991d8acc72d060d53860f356e07a50f0e0d09a8dfedea1c554dd0d5", size = 1672783, upload-time = "2024-12-18T21:19:59.314Z" },
    { url = "https://files.pythonhosted.org/packages/73/ba/a6190ebb02176c7f75e6308da31f5d49f6477b651a3dcfaaaca865a298e2/aiohttp-3.11.11-cp313-cp313-win32.whl", hash = "sha256:9d73ee3725b7a737ad86c2eac5c57a4a97793d9f442599bea5ec67ac9f4bdc3d", size = 410229, upload-time = "2024-12-18T21:20:02.469Z" },
    { url = "https://files.pythonhosted.org/packages/b8/62/c9fa5bafe03186a0e4699150a7fed9b1e73240996d0d2f0e5f70f3fdf471/aiohttp-3.11.11-cp313-cp313-win_amd64.whl", hash = "sha256:c7a06301c2fb096bdb0bd25fe2011531c1453b9f2c163c8031600ec73af1cc99", size = 436081, upload-time = "2024-12-18T21:20:04.557Z" },
]

[[package]]
name = "aiosignal"
version = "1.3.1"
source = { registry = "https://pypi.org/simple" }
dependencies = [
    { name = "frozenlist" },
]
sdist = { url = "https://files.pythonhosted.org/packages/ae/67/0952ed97a9793b4958e5736f6d2b346b414a2cd63e82d05940032f45b32f/aiosignal-1.3.1.tar.gz", hash = "sha256:54cd96e15e1649b75d6c87526a6ff0b6c1b0dd3459f43d9ca11d48c339b68cfc", size = 19422, upload-time = "2022-11-08T16:03:58.806Z" }
wheels = [
    { url = "https://files.pythonhosted.org/packages/76/ac/a7305707cb852b7e16ff80eaf5692309bde30e2b1100a1fcacdc8f731d97/aiosignal-1.3.1-py3-none-any.whl", hash = "sha256:f8376fb07dd1e86a584e4fcdec80b36b7f81aac666ebc724e2c090300dd83b17", size = 7617, upload-time = "2022-11-08T16:03:57.483Z" },
]

[[package]]
name = "attrs"
version = "24.3.0"
source = { registry = "https://pypi.org/simple" }
sdist = { url = "https://files.pythonhosted.org/packages/48/c8/6260f8ccc11f0917360fc0da435c5c9c7504e3db174d5a12a1494887b045/attrs-24.3.0.tar.gz", hash = "sha256:8f5c07333d543103541ba7be0e2ce16eeee8130cb0b3f9238ab904ce1e85baff", size = 805984, upload-time = "2024-12-16T06:59:29.899Z" }
wheels = [
    { url = "https://files.pythonhosted.org/packages/89/aa/ab0f7891a01eeb2d2e338ae8fecbe57fcebea1a24dbb64d45801bfab481d/attrs-24.3.0-py3-none-any.whl", hash = "sha256:ac96cd038792094f438ad1f6ff80837353805ac950cd2aa0e0625ef19850c308", size = 63397, upload-time = "2024-12-16T06:59:26.977Z" },
]

[[package]]
name = "backoff"
version = "2.2.1"
source = { registry = "https://pypi.org/simple" }
sdist = { url = "https://files.pythonhosted.org/packages/47/d7/5bbeb12c44d7c4f2fb5b56abce497eb5ed9f34d85701de869acedd602619/backoff-2.2.1.tar.gz", hash = "sha256:03f829f5bb1923180821643f8753b0502c3b682293992485b0eef2807afa5cba", size = 17001, upload-time = "2022-10-05T19:19:32.061Z" }
wheels = [
    { url = "https://files.pythonhosted.org/packages/df/73/b6e24bd22e6720ca8ee9a85a0c4a2971af8497d8f3193fa05390cbd46e09/backoff-2.2.1-py3-none-any.whl", hash = "sha256:63579f9a0628e06278f7e47b7d7d5b6ce20dc65c5e96a6f3ca99a6adca0396e8", size = 15148, upload-time = "2022-10-05T19:19:30.546Z" },
]

[[package]]
name = "certifi"
version = "2024.12.14"
source = { registry = "https://pypi.org/simple" }
sdist = { url = "https://files.pythonhosted.org/packages/0f/bd/1d41ee578ce09523c81a15426705dd20969f5abf006d1afe8aeff0dd776a/certifi-2024.12.14.tar.gz", hash = "sha256:b650d30f370c2b724812bee08008be0c4163b163ddaec3f2546c1caf65f191db", size = 166010, upload-time = "2024-12-14T13:52:38.02Z" }
wheels = [
    { url = "https://files.pythonhosted.org/packages/a5/32/8f6669fc4798494966bf446c8c4a162e0b5d893dff088afddf76414f70e1/certifi-2024.12.14-py3-none-any.whl", hash = "sha256:1275f7a45be9464efc1173084eaa30f866fe2e47d389406136d332ed4967ec56", size = 164927, upload-time = "2024-12-14T13:52:36.114Z" },
]

[[package]]
name = "charset-normalizer"
version = "3.3.2"
source = { registry = "https://pypi.org/simple" }
sdist = { url = "https://files.pythonhosted.org/packages/63/09/c1bc53dab74b1816a00d8d030de5bf98f724c52c1635e07681d312f20be8/charset-normalizer-3.3.2.tar.gz", hash = "sha256:f30c3cb33b24454a82faecaf01b19c18562b1e89558fb6c56de4d9118a032fd5", size = 104809, upload-time = "2023-11-01T04:04:59.997Z" }
wheels = [
    { url = "https://files.pythonhosted.org/packages/28/76/e6222113b83e3622caa4bb41032d0b1bf785250607392e1b778aca0b8a7d/charset_normalizer-3.3.2-py3-none-any.whl", hash = "sha256:3e4d1f6587322d2788836a99c69062fbb091331ec940e02d12d179c1d53e25fc", size = 48543, upload-time = "2023-11-01T04:04:58.622Z" },
]

[[package]]
name = "click"
version = "8.1.3"
source = { registry = "https://pypi.org/simple" }
dependencies = [
    { name = "colorama", marker = "sys_platform == 'win32'" },
]
sdist = { url = "https://files.pythonhosted.org/packages/59/87/84326af34517fca8c58418d148f2403df25303e02736832403587318e9e8/click-8.1.3.tar.gz", hash = "sha256:7682dc8afb30297001674575ea00d1814d808d6a36af415a82bd481d37ba7b8e", size = 331147, upload-time = "2022-04-28T17:36:09.097Z" }
wheels = [
    { url = "https://files.pythonhosted.org/packages/c2/f1/df59e28c642d583f7dacffb1e0965d0e00b218e0186d7858ac5233dce840/click-8.1.3-py3-none-any.whl", hash = "sha256:bb4d8133cb15a609f44e8213d9b391b0809795062913b383c62be0ee95b1db48", size = 96588, upload-time = "2022-04-28T17:36:06.952Z" },
]

[[package]]
name = "colorama"
version = "0.4.6"
source = { registry = "https://pypi.org/simple" }
sdist = { url = "https://files.pythonhosted.org/packages/d8/53/6f443c9a4a8358a93a6792e2acffb9d9d5cb0a5cfd8802644b7b1c9a02e4/colorama-0.4.6.tar.gz", hash = "sha256:08695f5cb7ed6e0531a20572697297273c47b8cae5a63ffc6d6ed5c201be6e44", size = 27697, upload-time = "2022-10-25T02:36:22.414Z" }
wheels = [
    { url = "https://files.pythonhosted.org/packages/d1/d6/3965ed04c63042e047cb6a3e6ed1a63a35087b6a609aa3a15ed8ac56c221/colorama-0.4.6-py2.py3-none-any.whl", hash = "sha256:4f1d9991f5acc0ca119f9d443620b77f9d6b33703e51011c16baf57afb285fc6", size = 25335, upload-time = "2022-10-25T02:36:20.889Z" },
]

[[package]]
name = "colorlog"
version = "6.9.0"
source = { registry = "https://pypi.org/simple" }
dependencies = [
    { name = "colorama", marker = "sys_platform == 'win32'" },
]
sdist = { url = "https://files.pythonhosted.org/packages/d3/7a/359f4d5df2353f26172b3cc39ea32daa39af8de522205f512f458923e677/colorlog-6.9.0.tar.gz", hash = "sha256:bfba54a1b93b94f54e1f4fe48395725a3d92fd2a4af702f6bd70946bdc0c6ac2", size = 16624, upload-time = "2024-10-29T18:34:51.011Z" }
wheels = [
    { url = "https://files.pythonhosted.org/packages/e3/51/9b208e85196941db2f0654ad0357ca6388ab3ed67efdbfc799f35d1f83aa/colorlog-6.9.0-py3-none-any.whl", hash = "sha256:5906e71acd67cb07a71e779c47c4bcb45fb8c2993eebe9e5adcd6a6f1b283eff", size = 11424, upload-time = "2024-10-29T18:34:49.815Z" },
]

[[package]]
name = "docker"
version = "7.1.0"
source = { registry = "https://pypi.org/simple" }
dependencies = [
    { name = "pywin32", marker = "sys_platform == 'win32'" },
    { name = "requests" },
    { name = "urllib3" },
]
sdist = { url = "https://files.pythonhosted.org/packages/91/9b/4a2ea29aeba62471211598dac5d96825bb49348fa07e906ea930394a83ce/docker-7.1.0.tar.gz", hash = "sha256:ad8c70e6e3f8926cb8a92619b832b4ea5299e2831c14284663184e200546fa6c", size = 117834, upload-time = "2024-05-23T11:13:57.216Z" }
wheels = [
    { url = "https://files.pythonhosted.org/packages/e3/26/57c6fb270950d476074c087527a558ccb6f4436657314bfb6cdf484114c4/docker-7.1.0-py3-none-any.whl", hash = "sha256:c96b93b7f0a746f9e77d325bcfb87422a3d8bd4f03136ae8a85b37f1898d5fc0", size = 147774, upload-time = "2024-05-23T11:13:55.01Z" },
]

[[package]]
name = "frozenlist"
version = "1.3.3"
source = { registry = "https://pypi.org/simple" }
sdist = { url = "https://files.pythonhosted.org/packages/e9/10/d629476346112b85c912527b9080944fd2c39a816c2225413dbc0bb6fcc0/frozenlist-1.3.3.tar.gz", hash = "sha256:58bcc55721e8a90b88332d6cd441261ebb22342e238296bb330968952fbb3a6a", size = 66571, upload-time = "2022-11-08T15:04:13.672Z" }

[[package]]
name = "game-server-deploynment-discord-bot"
version = "0.1.0"
source = { virtual = "." }
dependencies = [
    { name = "backoff" },
    { name = "docker" },
    { name = "hikari" },
    { name = "hikari-lightbulb" },
    { name = "loguru" },
    { name = "requests" },
    { name = "rq" },
    { name = "sentry-sdk", extra = ["rq"] },
]

[package.metadata]
requires-dist = [
    { name = "backoff", specifier = ">=2.2.1,<3.0.0" },
    { name = "docker", specifier = ">=7.0.0,<8.0.0" },
    { name = "hikari", specifier = ">=2.1.0,<3.0.0" },
    { name = "hikari-lightbulb", specifier = ">=2.3.0,<3.0.0" },
    { name = "loguru", specifier = ">=0.7.0,<0.8.0" },
    { name = "requests", specifier = ">=2.32.0,<3.0.0" },
    { name = "rq", specifier = ">=2.1.0,<3.0.0" },
    { name = "sentry-sdk", extras = ["rq"], specifier = ">=2.8.0,<3.0.0" },
]

[[package]]
name = "hikari"
version = "2.1.0"
source = { registry = "https://pypi.org/simple" }
dependencies = [
    { name = "aiohttp" },
    { name = "attrs" },
    { name = "colorlog" },
    { name = "multidict" },
]
sdist = { url = "https://files.pythonhosted.org/packages/8f/15/cb7828b457a853fc7048595f27b6f41e22f7bc74aa3f4db983a7da3d275f/hikari-2.1.0.tar.gz", hash = "sha256:498bc39d2777eb5ceeec63e3b08362dda39d966a0f2197867f94e8293bb4a277", size = 442768, upload-time = "2024-09-25T11:10:13.424Z" }
wheels = [
    { url = "https://files.pythonhosted.org/packages/ee/e0/6f33f884af6c8a78190fca7a96b0cf2059fca8a4dc364f87ec165488794a/hikari-2.1.0-py3-none-any.whl", hash = "sha256:36d2629f5f1df39d3edc7bb8f64996e82f6926f297e18ababcf753120f7f404b", size = 545560, upload-time = "2024-09-25T11:10:10.315Z" },
]

[[package]]
name = "hikari-lightbulb"
version = "2.3.5.post1"
source = { registry = "https://pypi.org/simple" }
dependencies = [
    { name = "hikari" },
]
sdist = { url = "https://files.pythonhosted.org/packages/ff/8d/0f6e8bd5f155dd672d382f76e07b6ff71bebc50dada1677ff6c65bd39017/hikari_lightbulb-2.3.5.post1.tar.gz", hash = "sha256:89ece6d07a87853c015c8626783ebdb90f9a903c8c03024d71208021adbd9b27", size = 87469, upload-time = "2024-09-26T17:30:06.419Z" }
wheels = [
    { url = "https://files.pythonhosted.org/packages/1f/ce/ee34a508ac6d6eefffe70bb477ce677f36873539bef288ada4976e5e790c/hikari_lightbulb-2.3.5.post1-py3-none-any.whl", hash = "sha256:9d4e6d180e5d38c97c0d89fba2bae5859b5c79d2a848d321fb8866e3b028816f", size = 118212, upload-time = "2024-09-26T17:30:04.466Z" },
]

[[package]]
name = "idna"
version = "3.7"
source = { registry = "https://pypi.org/simple" }
sdist = { url = "https://files.pythonhosted.org/packages/21/ed/f86a79a07470cb07819390452f178b3bef1d375f2ec021ecfc709fc7cf07/idna-3.7.tar.gz", hash = "sha256:028ff3aadf0609c1fd278d8ea3089299412a7a8b9bd005dd08b9f8285bcb5cfc", size = 189575, upload-time = "2024-04-11T03:34:43.276Z" }
wheels = [
    { url = "https://files.pythonhosted.org/packages/e5/3e/741d8c82801c347547f8a2a06aa57dbb1992be9e948df2ea0eda2c8b79e8/idna-3.7-py3-none-any.whl", hash = "sha256:82fee1fc78add43492d3a1898bfa6d8a904cc97d8427f683ed8e798d07761aa0", size = 66836, upload-time = "2024-04-11T03:34:41.447Z" },
]

[[package]]
name = "loguru"
version = "0.7.3"
source = { registry = "https://pypi.org/simple" }
dependencies = [
    { name = "colorama", marker = "sys_platform == 'win32'" },
    { name = "win32-setctime", marker = "sys_platform == 'win32'" },
]
sdist = { url = "https://files.pythonhosted.org/packages/3a/05/a1dae3dffd1116099471c643b8924f5aa6524411dc6c63fdae648c4f1aca/loguru-0.7.3.tar.gz", hash = "sha256:19480589e77d47b8d85b2c827ad95d49bf31b0dcde16593892eb51dd18706eb6", size = 63559, upload-time = "2024-12-06T11:20:56.608Z" }
wheels = [
    { url = "https://files.pythonhosted.org/packages/0c/29/0348de65b8cc732daa3e33e67806420b2ae89bdce2b04af740289c5c6c8c/loguru-0.7.3-py3-none-any.whl", hash = "sha256:31a33c10c8e1e10422bfd431aeb5d351c7cf7fa671e3c4df004162264b28220c", size = 61595, upload-time = "2024-12-06T11:20:54.538Z" },
]

[[package]]
name = "multidict"
version = "6.1.0"
source = { registry = "https://pypi.org/simple" }
sdist = { url = "https://files.pythonhosted.org/packages/d6/be/504b89a5e9ca731cd47487e91c469064f8ae5af93b7259758dcfc2b9c848/multidict-6.1.0.tar.gz", hash = "sha256:22ae2ebf9b0c69d206c003e2f6a914ea33f0a932d4aa16f236afc049d9958f4a", size = 64002, upload-time = "2024-09-09T23:49:38.163Z" }
wheels = [
    { url = "https://files.pythonhosted.org/packages/22/67/1c7c0f39fe069aa4e5d794f323be24bf4d33d62d2a348acdb7991f8f30db/multidict-6.1.0-cp313-cp313-macosx_10_13_universal2.whl", hash = "sha256:d569388c381b24671589335a3be6e1d45546c2988c2ebe30fdcada8457a31008", size = 48771, upload-time = "2024-09-09T23:48:24.594Z" },
    { url = "https://files.pythonhosted.org/packages/3c/25/c186ee7b212bdf0df2519eacfb1981a017bda34392c67542c274651daf23/multidict-6.1.0-cp313-cp313-macosx_10_13_x86_64.whl", hash = "sha256:052e10d2d37810b99cc170b785945421141bf7bb7d2f8799d431e7db229c385f", size = 29533, upload-time = "2024-09-09T23:48:26.187Z" },
    { url = "https://files.pythonhosted.org/packages/67/5e/04575fd837e0958e324ca035b339cea174554f6f641d3fb2b4f2e7ff44a2/multidict-6.1.0-cp313-cp313-macosx_11_0_arm64.whl", hash = "sha256:f90c822a402cb865e396a504f9fc8173ef34212a342d92e362ca498cad308e28", size = 29595, upload-time = "2024-09-09T23:48:27.305Z" },
    { url = "https://files.pythonhosted.org/packages/d3/b2/e56388f86663810c07cfe4a3c3d87227f3811eeb2d08450b9e5d19d78876/multidict-6.1.0-cp313-cp313-manylinux_2_17_aarch64.manylinux2014_aarch64.whl", hash = "sha256:b225d95519a5bf73860323e633a664b0d85ad3d5bede6d30d95b35d4dfe8805b", size = 130094, upload-time = "2024-09-09T23:48:28.544Z" },
    { url = "https://files.pythonhosted.org/packages/6c/ee/30ae9b4186a644d284543d55d491fbd4239b015d36b23fea43b4c94f7052/multidict-6.1.0-cp313-cp313-manylinux_2_17_ppc64le.manylinux2014_ppc64le.whl", hash = "sha256:23bfd518810af7de1116313ebd9092cb9aa629beb12f6ed631ad53356ed6b86c", size = 134876, upload-time = "2024-09-09T23:48:30.098Z" },
    { url = "https://files.pythonhosted.org/packages/84/c7/70461c13ba8ce3c779503c70ec9d0345ae84de04521c1f45a04d5f48943d/multidict-6.1.0-cp313-cp313-manylinux_2_17_s390x.manylinux2014_s390x.whl", hash = "sha256:5c09fcfdccdd0b57867577b719c69e347a436b86cd83747f179dbf0cc0d4c1f3", size = 133500, upload-time = "2024-09-09T23:48:31.793Z" },
    { url = "https://files.pythonhosted.org/packages/4a/9f/002af221253f10f99959561123fae676148dd730e2daa2cd053846a58507/multidict-6.1.0-cp313-cp313-manylinux_2_17_x86_64.manylinux2014_x86_64.whl", hash = "sha256:bf6bea52ec97e95560af5ae576bdac3aa3aae0b6758c6efa115236d9e07dae44", size = 131099, upload-time = "2024-09-09T23:48:33.193Z" },
    { url = "https://files.pythonhosted.org/packages/82/42/d1c7a7301d52af79d88548a97e297f9d99c961ad76bbe6f67442bb77f097/multidict-6.1.0-cp313-cp313-manylinux_2_5_i686.manylinux1_i686.manylinux_2_17_i686.manylinux2014_i686.whl", hash = "sha256:57feec87371dbb3520da6192213c7d6fc892d5589a93db548331954de8248fd2", size = 120403, upload-time = "2024-09-09T23:48:34.942Z" },
    { url = "https://files.pythonhosted.org/packages/68/f3/471985c2c7ac707547553e8f37cff5158030d36bdec4414cb825fbaa5327/multidict-6.1.0-cp313-cp313-musllinux_1_2_aarch64.whl", hash = "sha256:0c3f390dc53279cbc8ba976e5f8035eab997829066756d811616b652b00a23a3", size = 125348, upload-time = "2024-09-09T23:48:36.222Z" },
    { url = "https://files.pythonhosted.org/packages/67/2c/e6df05c77e0e433c214ec1d21ddd203d9a4770a1f2866a8ca40a545869a0/multidict-6.1.0-cp313-cp313-musllinux_1_2_i686.whl", hash = "sha256:59bfeae4b25ec05b34f1956eaa1cb38032282cd4dfabc5056d0a1ec4d696d3aa", size = 119673, upload-time = "2024-09-09T23:48:37.588Z" },
    { url = "https://files.pythonhosted.org/packages/c5/cd/bc8608fff06239c9fb333f9db7743a1b2eafe98c2666c9a196e867a3a0a4/multidict-6.1.0-cp313-cp313-musllinux_1_2_ppc64le.whl", hash = "sha256:b2f59caeaf7632cc633b5cf6fc449372b83bbdf0da4ae04d5be36118e46cc0aa", size = 129927, upload-time = "2024-09-09T23:48:39.128Z" },
    { url = "https://files.pythonhosted.org/packages/44/8e/281b69b7bc84fc963a44dc6e0bbcc7150e517b91df368a27834299a526ac/multidict-6.1.0-cp313-cp313-musllinux_1_2_s390x.whl", hash = "sha256:37bb93b2178e02b7b618893990941900fd25b6b9ac0fa49931a40aecdf083fe4", size = 128711, upload-time = "2024-09-09T23:48:40.55Z" },
    { url = "https://files.pythonhosted.org/packages/12/a4/63e7cd38ed29dd9f1881d5119f272c898ca92536cdb53ffe0843197f6c85/multidict-6.1.0-cp313-cp313-musllinux_1_2_x86_64.whl", hash = "sha256:4e9f48f58c2c523d5a06faea47866cd35b32655c46b443f163d08c6d0ddb17d6", size = 125519, upload-time = "2024-09-09T23:48:42.446Z" },
    { url = "https://files.pythonhosted.org/packages/38/e0/4f5855037a72cd8a7a2f60a3952d9aa45feedb37ae7831642102604e8a37/multidict-6.1.0-cp313-cp313-win32.whl", hash = "sha256:3a37ffb35399029b45c6cc33640a92bef403c9fd388acce75cdc88f58bd19a81", size = 26426, upload-time = "2024-09-09T23:48:43.936Z" },
    { url = "https://files.pythonhosted.org/packages/7e/a5/17ee3a4db1e310b7405f5d25834460073a8ccd86198ce044dfaf69eac073/multidict-6.1.0-cp313-cp313-win_amd64.whl", hash = "sha256:e9aa71e15d9d9beaad2c6b9319edcdc0a49a43ef5c0a4c8265ca9ee7d6c67774", size = 28531, upload-time = "2024-09-09T23:48:45.122Z" },
    { url = "https://files.pythonhosted.org/packages/99/b7/b9e70fde2c0f0c9af4cc5277782a89b66d35948ea3369ec9f598358c3ac5/multidict-6.1.0-py3-none-any.whl", hash = "sha256:48e171e52d1c4d33888e529b999e5900356b9ae588c2f09a52dcefb158b27506", size = 10051, upload-time = "2024-09-09T23:49:36.506Z" },
]

[[package]]
name = "propcache"
version = "0.2.1"
source = { registry = "https://pypi.org/simple" }
sdist = { url = "https://files.pythonhosted.org/packages/20/c8/2a13f78d82211490855b2fb303b6721348d0787fdd9a12ac46d99d3acde1/propcache-0.2.1.tar.gz", hash = "sha256:3f77ce728b19cb537714499928fe800c3dda29e8d9428778fc7c186da4c09a64", size = 41735, upload-time = "2024-12-01T18:29:16.437Z" }
wheels = [
    { url = "https://files.pythonhosted.org/packages/0f/2a/329e0547cf2def8857157f9477669043e75524cc3e6251cef332b3ff256f/propcache-0.2.1-cp313-cp313-macosx_10_13_universal2.whl", hash = "sha256:aca405706e0b0a44cc6bfd41fbe89919a6a56999157f6de7e182a990c36e37bc", size = 77002, upload-time = "2024-12-01T18:28:29.025Z" },
    { url = "https://files.pythonhosted.org/packages/12/2d/c4df5415e2382f840dc2ecbca0eeb2293024bc28e57a80392f2012b4708c/propcache-0.2.1-cp313-cp313-macosx_10_13_x86_64.whl", hash = "sha256:12d1083f001ace206fe34b6bdc2cb94be66d57a850866f0b908972f90996b3e9", size = 44639, upload-time = "2024-12-01T18:28:30.199Z" },
    { url = "https://files.pythonhosted.org/packages/d0/5a/21aaa4ea2f326edaa4e240959ac8b8386ea31dedfdaa636a3544d9e7a408/propcache-0.2.1-cp313-cp313-macosx_11_0_arm64.whl", hash = "sha256:d93f3307ad32a27bda2e88ec81134b823c240aa3abb55821a8da553eed8d9439", size = 44049, upload-time = "2024-12-01T18:28:31.308Z" },
    { url = "https://files.pythonhosted.org/packages/4e/3e/021b6cd86c0acc90d74784ccbb66808b0bd36067a1bf3e2deb0f3845f618/propcache-0.2.1-cp313-cp313-manylinux_2_17_aarch64.manylinux2014_aarch64.whl", hash = "sha256:ba278acf14471d36316159c94a802933d10b6a1e117b8554fe0d0d9b75c9d536", size = 224819, upload-time = "2024-12-01T18:28:32.755Z" },
    { url = "https://files.pythonhosted.org/packages/3c/57/c2fdeed1b3b8918b1770a133ba5c43ad3d78e18285b0c06364861ef5cc38/propcache-0.2.1-cp313-cp313-manylinux_2_17_ppc64le.manylinux2014_ppc64le.whl", hash = "sha256:4e6281aedfca15301c41f74d7005e6e3f4ca143584ba696ac69df4f02f40d629", size = 229625, upload-time = "2024-12-01T18:28:34.083Z" },
    { url = "https://files.pythonhosted.org/packages/9d/81/70d4ff57bf2877b5780b466471bebf5892f851a7e2ca0ae7ffd728220281/propcache-0.2.1-cp313-cp313-manylinux_2_17_s390x.manylinux2014_s390x.whl", hash = "sha256:5b750a8e5a1262434fb1517ddf64b5de58327f1adc3524a5e44c2ca43305eb0b", size = 232934, upload-time = "2024-12-01T18:28:35.434Z" },
    { url = "https://files.pythonhosted.org/packages/3c/b9/bb51ea95d73b3fb4100cb95adbd4e1acaf2cbb1fd1083f5468eeb4a099a8/propcache-0.2.1-cp313-cp313-manylinux_2_17_x86_64.manylinux2014_x86_64.whl", hash = "sha256:bf72af5e0fb40e9babf594308911436c8efde3cb5e75b6f206c34ad18be5c052", size = 227361, upload-time = "2024-12-01T18:28:36.777Z" },
    { url = "https://files.pythonhosted.org/packages/f1/20/3c6d696cd6fd70b29445960cc803b1851a1131e7a2e4ee261ee48e002bcd/propcache-0.2.1-cp313-cp313-manylinux_2_5_i686.manylinux1_i686.manylinux_2_17_i686.manylinux2014_i686.whl", hash = "sha256:b2d0a12018b04f4cb820781ec0dffb5f7c7c1d2a5cd22bff7fb055a2cb19ebce", size = 213904, upload-time = "2024-12-01T18:28:38.041Z" },
    { url = "https://files.pythonhosted.org/packages/a1/cb/1593bfc5ac6d40c010fa823f128056d6bc25b667f5393781e37d62f12005/propcache-0.2.1-cp313-cp313-musllinux_1_2_aarch64.whl", hash = "sha256:e800776a79a5aabdb17dcc2346a7d66d0777e942e4cd251defeb084762ecd17d", size = 212632, upload-time = "2024-12-01T18:28:39.401Z" },
    { url = "https://files.pythonhosted.org/packages/6d/5c/e95617e222be14a34c709442a0ec179f3207f8a2b900273720501a70ec5e/propcache-0.2.1-cp313-cp313-musllinux_1_2_armv7l.whl", hash = "sha256:4160d9283bd382fa6c0c2b5e017acc95bc183570cd70968b9202ad6d8fc48dce", size = 207897, upload-time = "2024-12-01T18:28:40.996Z" },
    { url = "https://files.pythonhosted.org/packages/8e/3b/56c5ab3dc00f6375fbcdeefdede5adf9bee94f1fab04adc8db118f0f9e25/propcache-0.2.1-cp313-cp313-musllinux_1_2_i686.whl", hash = "sha256:30b43e74f1359353341a7adb783c8f1b1c676367b011709f466f42fda2045e95", size = 208118, upload-time = "2024-12-01T18:28:42.38Z" },
    { url = "https://files.pythonhosted.org/packages/86/25/d7ef738323fbc6ebcbce33eb2a19c5e07a89a3df2fded206065bd5e868a9/propcache-0.2.1-cp313-cp313-musllinux_1_2_ppc64le.whl", hash = "sha256:58791550b27d5488b1bb52bc96328456095d96206a250d28d874fafe11b3dfaf", size = 217851, upload-time = "2024-12-01T18:28:43.655Z" },
    { url = "https://files.pythonhosted.org/packages/b3/77/763e6cef1852cf1ba740590364ec50309b89d1c818e3256d3929eb92fabf/propcache-0.2.1-cp313-cp313-musllinux_1_2_s390x.whl", hash = "sha256:0f022d381747f0dfe27e99d928e31bc51a18b65bb9e481ae0af1380a6725dd1f", size = 222630, upload-time = "2024-12-01T18:28:45.663Z" },
    { url = "https://files.pythonhosted.org/packages/4f/e9/0f86be33602089c701696fbed8d8c4c07b6ee9605c5b7536fd27ed540c5b/propcache-0.2.1-cp313-cp313-musllinux_1_2_x86_64.whl", hash = "sha256:297878dc9d0a334358f9b608b56d02e72899f3b8499fc6044133f0d319e2ec30", size = 216269, upload-time = "2024-12-01T18:28:47.602Z" },
    { url = "https://files.pythonhosted.org/packages/cc/02/5ac83217d522394b6a2e81a2e888167e7ca629ef6569a3f09852d6dcb01a/propcache-0.2.1-cp313-cp313-win32.whl", hash = "sha256:ddfab44e4489bd79bda09d84c430677fc7f0a4939a73d2bba3073036f487a0a6", size = 39472, upload-time = "2024-12-01T18:28:48.983Z" },
    { url = "https://files.pythonhosted.org/packages/f4/33/d6f5420252a36034bc8a3a01171bc55b4bff5df50d1c63d9caa50693662f/propcache-0.2.1-cp313-cp313-win_amd64.whl", hash = "sha256:556fc6c10989f19a179e4321e5d678db8eb2924131e64652a51fe83e4c3db0e1", size = 43363, upload-time = "2024-12-01T18:28:50.025Z" },
    { url = "https://files.pythonhosted.org/packages/41/b6/c5319caea262f4821995dca2107483b94a3345d4607ad797c76cb9c36bcc/propcache-0.2.1-py3-none-any.whl", hash = "sha256:52277518d6aae65536e9cea52d4e7fd2f7a66f4aa2d30ed3f2fcea620ace3c54", size = 11818, upload-time = "2024-12-01T18:29:14.716Z" },
]

[[package]]
name = "pywin32"
version = "310"
source = { registry = "https://pypi.org/simple" }
wheels = [
    { url = "https://files.pythonhosted.org/packages/1c/09/9c1b978ffc4ae53999e89c19c77ba882d9fce476729f23ef55211ea1c034/pywin32-310-cp313-cp313-win32.whl", hash = "sha256:5d241a659c496ada3253cd01cfaa779b048e90ce4b2b38cd44168ad555ce74ab", size = 8794384, upload-time = "2025-03-17T00:56:04.383Z" },
    { url = "https://files.pythonhosted.org/packages/45/3c/b4640f740ffebadd5d34df35fecba0e1cfef8fde9f3e594df91c28ad9b50/pywin32-310-cp313-cp313-win_amd64.whl", hash = "sha256:667827eb3a90208ddbdcc9e860c81bde63a135710e21e4cb3348968e4bd5249e", size = 9503039, upload-time = "2025-03-17T00:56:06.207Z" },
    { url = "https://files.pythonhosted.org/packages/b4/f4/f785020090fb050e7fb6d34b780f2231f302609dc964672f72bfaeb59a28/pywin32-310-cp313-cp313-win_arm64.whl", hash = "sha256:e308f831de771482b7cf692a1f308f8fca701b2d8f9dde6cc440c7da17e47b33", size = 8458152, upload-time = "2025-03-17T00:56:07.819Z" },
]

[[package]]
name = "redis"
version = "4.5.4"
source = { registry = "https://pypi.org/simple" }
sdist = { url = "https://files.pythonhosted.org/packages/15/00/141ee6abca8d32448b23539e8f0e74091842c30ef357b636b372e2606aa9/redis-4.5.4.tar.gz", hash = "sha256:73ec35da4da267d6847e47f68730fdd5f62e2ca69e3ef5885c6a78a9374c3893", size = 4552103, upload-time = "2023-03-29T13:31:08.61Z" }
wheels = [
    { url = "https://files.pythonhosted.org/packages/b5/d4/ef474a49ec5821f3155c5de2d37ddcc4a497e2500cd16d4a9e51ce02030d/redis-4.5.4-py3-none-any.whl", hash = "sha256:2c19e6767c474f2e85167909061d525ed65bea9301c0770bb151e041b7ac89a2", size = 238873, upload-time = "2023-03-29T13:31:06.319Z" },
]

[[package]]
name = "requests"
version = "2.32.4"
source = { registry = "https://pypi.org/simple" }
dependencies = [
    { name = "certifi" },
    { name = "charset-normalizer" },
    { name = "idna" },
    { name = "urllib3" },
]
sdist = { url = "https://files.pythonhosted.org/packages/e1/0a/929373653770d8a0d7ea76c37de6e41f11eb07559b103b1c02cafb3f7cf8/requests-2.32.4.tar.gz", hash = "sha256:27d0316682c8a29834d3264820024b62a36942083d52caf2f14c0591336d3422", size = 135258, upload-time = "2025-06-09T16:43:07.34Z" }
wheels = [
    { url = "https://files.pythonhosted.org/packages/7c/e4/56027c4a6b4ae70ca9de302488c5ca95ad4a39e190093d6c1a8ace08341b/requests-2.32.4-py3-none-any.whl", hash = "sha256:27babd3cda2a6d50b30443204ee89830707d396671944c998b5975b031ac2b2c", size = 64847, upload-time = "2025-06-09T16:43:05.728Z" },
]

[[package]]
name = "rq"
version = "2.1.0"
source = { registry = "https://pypi.org/simple" }
dependencies = [
    { name = "click" },
    { name = "redis" },
]
sdist = { url = "https://files.pythonhosted.org/packages/17/89/fa86f10a3fe450309125d157f99bb2587fde496fe13fdef51c034970ab3a/rq-2.1.0.tar.gz", hash = "sha256:764585b6cab69ef1412f4aee523347e5aa7ece3ca175c118b1d92223dd8c2826", size = 640535, upload-time = "2024-12-23T13:12:30.985Z" }
wheels = [
    { url = "https://files.pythonhosted.org/packages/3f/b3/e691454a551366c71248197f9050e4564f85d15c5d8a5c167ecac4411c40/rq-2.1.0-py3-none-any.whl", hash = "sha256:3c6892c6ca848e5fb47c1875399a66f13656bf0e123bf725d9aa9a12718e2fdf", size = 96482, upload-time = "2024-12-23T13:12:26.385Z" },
]

[[package]]
name = "sentry-sdk"
version = "2.20.0"
source = { registry = "https://pypi.org/simple" }
dependencies = [
    { name = "certifi" },
    { name = "urllib3" },
]
sdist = { url = "https://files.pythonhosted.org/packages/68/e8/6a366c0cd5e129dda6ecb20ff097f70b18182c248d4c27e813c21f98992a/sentry_sdk-2.20.0.tar.gz", hash = "sha256:afa82713a92facf847df3c6f63cec71eb488d826a50965def3d7722aa6f0fdab", size = 300125, upload-time = "2025-01-14T09:50:46.072Z" }
wheels = [
    { url = "https://files.pythonhosted.org/packages/e6/0f/6f7e6cd0f4a141752caef3f79300148422fdf2b8b68b531f30b2b0c0cbda/sentry_sdk-2.20.0-py2.py3-none-any.whl", hash = "sha256:c359a1edf950eb5e80cffd7d9111f3dbeef57994cb4415df37d39fda2cf22364", size = 322576, upload-time = "2025-01-14T09:50:44.472Z" },
]

[package.optional-dependencies]
rq = [
    { name = "rq" },
]

[[package]]
name = "urllib3"
version = "2.2.2"
source = { registry = "https://pypi.org/simple" }
sdist = { url = "https://files.pythonhosted.org/packages/43/6d/fa469ae21497ddc8bc93e5877702dca7cb8f911e337aca7452b5724f1bb6/urllib3-2.2.2.tar.gz", hash = "sha256:dd505485549a7a552833da5e6063639d0d177c04f23bc3864e41e5dc5f612168", size = 292266, upload-time = "2024-06-17T13:40:11.401Z" }
wheels = [
    { url = "https://files.pythonhosted.org/packages/ca/1c/89ffc63a9605b583d5df2be791a27bc1a42b7c32bab68d3c8f2f73a98cd4/urllib3-2.2.2-py3-none-any.whl", hash = "sha256:a448b2f64d686155468037e1ace9f2d2199776e17f0a46610480d311f73e3472", size = 121444, upload-time = "2024-06-17T13:40:07.795Z" },
]

[[package]]
name = "win32-setctime"
version = "1.1.0"
source = { registry = "https://pypi.org/simple" }
sdist = { url = "https://files.pythonhosted.org/packages/6b/dd/f95a13d2b235a28d613ba23ebad55191514550debb968b46aab99f2e3a30/win32_setctime-1.1.0.tar.gz", hash = "sha256:15cf5750465118d6929ae4de4eb46e8edae9a5634350c01ba582df868e932cb2", size = 3676, upload-time = "2022-01-22T17:51:53.602Z" }
wheels = [
    { url = "https://files.pythonhosted.org/packages/0a/e6/a7d828fef907843b2a5773ebff47fb79ac0c1c88d60c0ca9530ee941e248/win32_setctime-1.1.0-py3-none-any.whl", hash = "sha256:231db239e959c2fe7eb1d7dc129f11172354f98361c4fa2d6d2d7e278baa8aad", size = 3604, upload-time = "2022-01-22T17:51:51.975Z" },
]

[[package]]
name = "yarl"
version = "1.18.3"
source = { registry = "https://pypi.org/simple" }
dependencies = [
    { name = "idna" },
    { name = "multidict" },
    { name = "propcache" },
]
sdist = { url = "https://files.pythonhosted.org/packages/b7/9d/4b94a8e6d2b51b599516a5cb88e5bc99b4d8d4583e468057eaa29d5f0918/yarl-1.18.3.tar.gz", hash = "sha256:ac1801c45cbf77b6c99242eeff4fffb5e4e73a800b5c4ad4fc0be5def634d2e1", size = 181062, upload-time = "2024-12-01T20:35:23.292Z" }
wheels = [
    { url = "https://files.pythonhosted.org/packages/30/c7/c790513d5328a8390be8f47be5d52e141f78b66c6c48f48d241ca6bd5265/yarl-1.18.3-cp313-cp313-macosx_10_13_universal2.whl", hash = "sha256:90adb47ad432332d4f0bc28f83a5963f426ce9a1a8809f5e584e704b82685dcb", size = 140789, upload-time = "2024-12-01T20:34:11.414Z" },
    { url = "https://files.pythonhosted.org/packages/30/aa/a2f84e93554a578463e2edaaf2300faa61c8701f0898725842c704ba5444/yarl-1.18.3-cp313-cp313-macosx_10_13_x86_64.whl", hash = "sha256:913829534200eb0f789d45349e55203a091f45c37a2674678744ae52fae23efa", size = 94144, upload-time = "2024-12-01T20:34:13.485Z" },
    { url = "https://files.pythonhosted.org/packages/c6/fc/d68d8f83714b221a85ce7866832cba36d7c04a68fa6a960b908c2c84f325/yarl-1.18.3-cp313-cp313-macosx_11_0_arm64.whl", hash = "sha256:ef9f7768395923c3039055c14334ba4d926f3baf7b776c923c93d80195624782", size = 91974, upload-time = "2024-12-01T20:34:15.234Z" },
    { url = "https://files.pythonhosted.org/packages/56/4e/d2563d8323a7e9a414b5b25341b3942af5902a2263d36d20fb17c40411e2/yarl-1.18.3-cp313-cp313-manylinux_2_17_aarch64.manylinux2014_aarch64.whl", hash = "sha256:88a19f62ff30117e706ebc9090b8ecc79aeb77d0b1f5ec10d2d27a12bc9f66d0", size = 333587, upload-time = "2024-12-01T20:34:17.358Z" },
    { url = "https://files.pythonhosted.org/packages/25/c9/cfec0bc0cac8d054be223e9f2c7909d3e8442a856af9dbce7e3442a8ec8d/yarl-1.18.3-cp313-cp313-manylinux_2_17_ppc64le.manylinux2014_ppc64le.whl", hash = "sha256:e17c9361d46a4d5addf777c6dd5eab0715a7684c2f11b88c67ac37edfba6c482", size = 344386, upload-time = "2024-12-01T20:34:19.842Z" },
    { url = "https://files.pythonhosted.org/packages/ab/5d/4c532190113b25f1364d25f4c319322e86232d69175b91f27e3ebc2caf9a/yarl-1.18.3-cp313-cp313-manylinux_2_17_s390x.manylinux2014_s390x.whl", hash = "sha256:1a74a13a4c857a84a845505fd2d68e54826a2cd01935a96efb1e9d86c728e186", size = 345421, upload-time = "2024-12-01T20:34:21.975Z" },
    { url = "https://files.pythonhosted.org/packages/23/d1/6cdd1632da013aa6ba18cee4d750d953104a5e7aac44e249d9410a972bf5/yarl-1.18.3-cp313-cp313-manylinux_2_17_x86_64.manylinux2014_x86_64.whl", hash = "sha256:41f7ce59d6ee7741af71d82020346af364949314ed3d87553763a2df1829cc58", size = 339384, upload-time = "2024-12-01T20:34:24.717Z" },
    { url = "https://files.pythonhosted.org/packages/9a/c4/6b3c39bec352e441bd30f432cda6ba51681ab19bb8abe023f0d19777aad1/yarl-1.18.3-cp313-cp313-manylinux_2_5_i686.manylinux1_i686.manylinux_2_17_i686.manylinux2014_i686.whl", hash = "sha256:f52a265001d830bc425f82ca9eabda94a64a4d753b07d623a9f2863fde532b53", size = 326689, upload-time = "2024-12-01T20:34:26.886Z" },
    { url = "https://files.pythonhosted.org/packages/23/30/07fb088f2eefdc0aa4fc1af4e3ca4eb1a3aadd1ce7d866d74c0f124e6a85/yarl-1.18.3-cp313-cp313-musllinux_1_2_aarch64.whl", hash = "sha256:82123d0c954dc58db301f5021a01854a85bf1f3bb7d12ae0c01afc414a882ca2", size = 345453, upload-time = "2024-12-01T20:34:29.605Z" },
    { url = "https://files.pythonhosted.org/packages/63/09/d54befb48f9cd8eec43797f624ec37783a0266855f4930a91e3d5c7717f8/yarl-1.18.3-cp313-cp313-musllinux_1_2_armv7l.whl", hash = "sha256:2ec9bbba33b2d00999af4631a3397d1fd78290c48e2a3e52d8dd72db3a067ac8", size = 341872, upload-time = "2024-12-01T20:34:31.454Z" },
    { url = "https://files.pythonhosted.org/packages/91/26/fd0ef9bf29dd906a84b59f0cd1281e65b0c3e08c6aa94b57f7d11f593518/yarl-1.18.3-cp313-cp313-musllinux_1_2_i686.whl", hash = "sha256:fbd6748e8ab9b41171bb95c6142faf068f5ef1511935a0aa07025438dd9a9bc1", size = 347497, upload-time = "2024-12-01T20:34:34.004Z" },
    { url = "https://files.pythonhosted.org/packages/d9/b5/14ac7a256d0511b2ac168d50d4b7d744aea1c1aa20c79f620d1059aab8b2/yarl-1.18.3-cp313-cp313-musllinux_1_2_ppc64le.whl", hash = "sha256:877d209b6aebeb5b16c42cbb377f5f94d9e556626b1bfff66d7b0d115be88d0a", size = 359981, upload-time = "2024-12-01T20:34:36.624Z" },
    { url = "https://files.pythonhosted.org/packages/ca/b3/d493221ad5cbd18bc07e642894030437e405e1413c4236dd5db6e46bcec9/yarl-1.18.3-cp313-cp313-musllinux_1_2_s390x.whl", hash = "sha256:b464c4ab4bfcb41e3bfd3f1c26600d038376c2de3297760dfe064d2cb7ea8e10", size = 366229, upload-time = "2024-12-01T20:34:38.657Z" },
    { url = "https://files.pythonhosted.org/packages/04/56/6a3e2a5d9152c56c346df9b8fb8edd2c8888b1e03f96324d457e5cf06d34/yarl-1.18.3-cp313-cp313-musllinux_1_2_x86_64.whl", hash = "sha256:8d39d351e7faf01483cc7ff7c0213c412e38e5a340238826be7e0e4da450fdc8", size = 360383, upload-time = "2024-12-01T20:34:40.501Z" },
    { url = "https://files.pythonhosted.org/packages/fd/b7/4b3c7c7913a278d445cc6284e59b2e62fa25e72758f888b7a7a39eb8423f/yarl-1.18.3-cp313-cp313-win32.whl", hash = "sha256:61ee62ead9b68b9123ec24bc866cbef297dd266175d53296e2db5e7f797f902d", size = 310152, upload-time = "2024-12-01T20:34:42.814Z" },
    { url = "https://files.pythonhosted.org/packages/f5/d5/688db678e987c3e0fb17867970700b92603cadf36c56e5fb08f23e822a0c/yarl-1.18.3-cp313-cp313-win_amd64.whl", hash = "sha256:578e281c393af575879990861823ef19d66e2b1d0098414855dd367e234f5b3c", size = 315723, upload-time = "2024-12-01T20:34:44.699Z" },
    { url = "https://files.pythonhosted.org/packages/f5/4b/a06e0ec3d155924f77835ed2d167ebd3b211a7b0853da1cf8d8414d784ef/yarl-1.18.3-py3-none-any.whl", hash = "sha256:b57f4f58099328dfb26c6a771d09fb20dbbae81d20cfb66141251ea063bd101b", size = 45109, upload-time = "2024-12-01T20:35:20.834Z" },
]
